<?xml version="1.0" encoding="utf-8"?>
<Project ToolsVersion="4.0" xmlns="http://schemas.microsoft.com/developer/msbuild/2003">
  <ItemGroup>
    <Filter Include="Source Files">
      <UniqueIdentifier>{4FC737F1-C7A5-4376-A066-2A32D752A2FF}</UniqueIdentifier>
      <Extensions>cpp;c;cc;cxx;c++;cppm;ixx;def;odl;idl;hpj;bat;asm;asmx</Extensions>
    </Filter>
    <Filter Include="Header Files">
      <UniqueIdentifier>{93995380-89BD-4b04-88EB-625FBE52EBFB}</UniqueIdentifier>
      <Extensions>h;hh;hpp;hxx;h++;hm;inl;inc;ipp;xsd</Extensions>
    </Filter>
    <Filter Include="Resource Files">
      <UniqueIdentifier>{67DA6AB6-F800-4c08-8B7A-83BB121AAD01}</UniqueIdentifier>
      <Extensions>rc;ico;cur;bmp;dlg;rc2;rct;bin;rgs;gif;jpg;jpeg;jpe;resx;tiff;tif;png;wav;mfcribbon-ms</Extensions>
    </Filter>
    <Filter Include="Source Files\Utility">
      <UniqueIdentifier>{e106bc55-3c56-4fb7-88c9-03734e70bb6f}</UniqueIdentifier>
    </Filter>
    <Filter Include="Source Files\Game">
      <UniqueIdentifier>{3e229b0e-7daf-4bc9-bf63-877793ecab07}</UniqueIdentifier>
    </Filter>
    <Filter Include="Source Files\MainLoop">
      <UniqueIdentifier>{b5849858-26c6-4970-b863-c54115caf505}</UniqueIdentifier>
    </Filter>
    <Filter Include="Source Files\Game\EnemyFactory">
      <UniqueIdentifier>{c747c8d7-4560-43f7-97d1-a3a7ee3c524e}</UniqueIdentifier>
    </Filter>
  </ItemGroup>
  <ItemGroup>
    <ClCompile Include="cJsonReader.cpp">
      <Filter>Source Files\Utility</Filter>
    </ClCompile>
    <ClCompile Include="cModelManipulator.cpp">
      <Filter>Source Files\Utility</Filter>
    </ClCompile>
    <ClCompile Include="InputControl.cpp">
      <Filter>Source Files\Utility</Filter>
    </ClCompile>
    <ClCompile Include="cMap.cpp">
      <Filter>Source Files\Game</Filter>
    </ClCompile>
    <ClCompile Include="cPlayer.cpp">
      <Filter>Source Files\Game</Filter>
    </ClCompile>
    <ClCompile Include="main.cpp">
      <Filter>Source Files\MainLoop</Filter>
    </ClCompile>
    <ClCompile Include="pch.cpp">
      <Filter>Source Files\Utility</Filter>
    </ClCompile>
    <ClCompile Include="cWeapon.cpp">
      <Filter>Source Files\Game</Filter>
    </ClCompile>
    <ClCompile Include="cBullet.cpp">
      <Filter>Source Files\Game</Filter>
    </ClCompile>
    <ClCompile Include="cFrameRates.cpp">
      <Filter>Source Files\Game</Filter>
    </ClCompile>
    <ClCompile Include="cGruntEnemy.cpp">
      <Filter>Source Files\Game\EnemyFactory</Filter>
    </ClCompile>
    <ClCompile Include="cGruntEnemyFactory.cpp">
      <Filter>Source Files\Game\EnemyFactory</Filter>
    </ClCompile>
  </ItemGroup>
  <ItemGroup>
    <ClInclude Include="eDirection.h">
      <Filter>Header Files</Filter>
    </ClInclude>
    <ClInclude Include="sPositionTracker.h">
      <Filter>Header Files</Filter>
    </ClInclude>
    <ClInclude Include="cWeapon.h">
      <Filter>Source Files\Game</Filter>
    </ClInclude>
    <ClInclude Include="cPlayer.h">
      <Filter>Source Files\Game</Filter>
    </ClInclude>
    <ClInclude Include="cMap.h">
      <Filter>Source Files\Game</Filter>
    </ClInclude>
    <ClInclude Include="pch.h">
      <Filter>Source Files\Utility</Filter>
    </ClInclude>
    <ClInclude Include="cModelManipulator.h">
      <Filter>Source Files\Utility</Filter>
    </ClInclude>
    <ClInclude Include="cFrameRates.h">
      <Filter>Source Files\Game</Filter>
    </ClInclude>
    <ClInclude Include="cBullet.h">
      <Filter>Source Files\Game</Filter>
    </ClInclude>
    <ClInclude Include="cJsonReader.h">
      <Filter>Source Files\Utility</Filter>
    </ClInclude>
    <ClInclude Include="DetailsFromFile.h">
      <Filter>Header Files</Filter>
    </ClInclude>
    <ClInclude Include="iEnemy.h">
      <Filter>Source Files\Game\EnemyFactory</Filter>
    </ClInclude>
    <ClInclude Include="cGruntEnemy.h">
      <Filter>Source Files\Game\EnemyFactory</Filter>
    </ClInclude>
    <ClInclude Include="iEnemyFactory.h">
      <Filter>Source Files\Game\EnemyFactory</Filter>
    </ClInclude>
    <ClInclude Include="cGruntEnemyFactory.h">
      <Filter>Source Files\Game\EnemyFactory</Filter>
    </ClInclude>
  </ItemGroup>
</Project>